// !$*UTF8*$!
{
	archiveVersion = 1;
	classes = {
	};
	objectVersion = 48;
	objects = {

/* Begin PBXBuildFile section */
		A346C7EE20BE55BC00DE4CD0 /* PolyRentsTableViewCell.swift in Sources */ = {isa = PBXBuildFile; fileRef = A346C7ED20BE55BC00DE4CD0 /* PolyRentsTableViewCell.swift */; };
		A346C7F020BE57C700DE4CD0 /* PolyRentsTableViewController.swift in Sources */ = {isa = PBXBuildFile; fileRef = A346C7EF20BE57C700DE4CD0 /* PolyRentsTableViewController.swift */; };
		A346C7F220BE59B400DE4CD0 /* rental.swift in Sources */ = {isa = PBXBuildFile; fileRef = A346C7F120BE59B400DE4CD0 /* rental.swift */; };
		A346C7F420BE618500DE4CD0 /* PolyRentsViewController.swift in Sources */ = {isa = PBXBuildFile; fileRef = A346C7F320BE618500DE4CD0 /* PolyRentsViewController.swift */; };
		A346C7F620BE640E00DE4CD0 /* View.swift in Sources */ = {isa = PBXBuildFile; fileRef = A346C7F520BE640E00DE4CD0 /* View.swift */; };
		A394A7DB20A4BC90006E1F82 /* AppDelegate.swift in Sources */ = {isa = PBXBuildFile; fileRef = A394A7DA20A4BC90006E1F82 /* AppDelegate.swift */; };
		A394A7DD20A4BC90006E1F82 /* ViewController.swift in Sources */ = {isa = PBXBuildFile; fileRef = A394A7DC20A4BC90006E1F82 /* ViewController.swift */; };
		A394A7E020A4BC90006E1F82 /* Main.storyboard in Resources */ = {isa = PBXBuildFile; fileRef = A394A7DE20A4BC90006E1F82 /* Main.storyboard */; };
		A394A7E220A4BC93006E1F82 /* Assets.xcassets in Resources */ = {isa = PBXBuildFile; fileRef = A394A7E120A4BC93006E1F82 /* Assets.xcassets */; };
		A394A7E520A4BC93006E1F82 /* LaunchScreen.storyboard in Resources */ = {isa = PBXBuildFile; fileRef = A394A7E320A4BC93006E1F82 /* LaunchScreen.storyboard */; };
		CC892483FDAB530649EF714F /* Pods_Cal_Poly_Rec_Center.framework in Frameworks */ = {isa = PBXBuildFile; fileRef = ECF3045C0D9C9BA2008DC446 /* Pods_Cal_Poly_Rec_Center.framework */; };
		E9A19E4320BDF99E00037687 /* Fitness Classes.png in Resources */ = {isa = PBXBuildFile; fileRef = E9A19E4220BDF99E00037687 /* Fitness Classes.png */; };
		E9A19E4920BDFCE700037687 /* Copy of Check Current Status-2.png in Resources */ = {isa = PBXBuildFile; fileRef = E9A19E4820BDFCE600037687 /* Copy of Check Current Status-2.png */; };
		E9A19E4B20BE16C600037687 /* Copy of Fitness Classes.png in Resources */ = {isa = PBXBuildFile; fileRef = E9A19E4A20BE16C500037687 /* Copy of Fitness Classes.png */; };
		E9A19E4D20BE185F00037687 /* Equipment rentals.png in Resources */ = {isa = PBXBuildFile; fileRef = E9A19E4C20BE185E00037687 /* Equipment rentals.png */; };
		E9A19E4F20BE19E200037687 /* Copy of Fitness Classes-2.png in Resources */ = {isa = PBXBuildFile; fileRef = E9A19E4E20BE19E200037687 /* Copy of Fitness Classes-2.png */; };
		E9A19E5120BE208900037687 /* Aquatics Info.png in Resources */ = {isa = PBXBuildFile; fileRef = E9A19E5020BE208900037687 /* Aquatics Info.png */; };
		E9A19E5320BE210800037687 /* Copy of View Equipment Map.png in Resources */ = {isa = PBXBuildFile; fileRef = E9A19E5220BE210700037687 /* Copy of View Equipment Map.png */; };
		E9A19E5520BE217200037687 /* Copy of Check Current Status-3.png in Resources */ = {isa = PBXBuildFile; fileRef = E9A19E5420BE217100037687 /* Copy of Check Current Status-3.png */; };
		E9A19E5D20BE252C00037687 /* MKMapRectRotated.swift in Sources */ = {isa = PBXBuildFile; fileRef = E9A19E5620BE252B00037687 /* MKMapRectRotated.swift */; };
		E9A19E5E20BE252C00037687 /* FloorplanOverlay.swift in Sources */ = {isa = PBXBuildFile; fileRef = E9A19E5720BE252B00037687 /* FloorplanOverlay.swift */; };
		E9A19E5F20BE252C00037687 /* CoordinateConverter.swift in Sources */ = {isa = PBXBuildFile; fileRef = E9A19E5820BE252B00037687 /* CoordinateConverter.swift */; };
		E9A19E6020BE252C00037687 /* VisibleMapRegionDelegate.swift in Sources */ = {isa = PBXBuildFile; fileRef = E9A19E5920BE252B00037687 /* VisibleMapRegionDelegate.swift */; };
		E9A19E6120BE252C00037687 /* Utilities.swift in Sources */ = {isa = PBXBuildFile; fileRef = E9A19E5A20BE252B00037687 /* Utilities.swift */; };
		E9A19E6220BE252C00037687 /* HideBackgroundOverlay.swift in Sources */ = {isa = PBXBuildFile; fileRef = E9A19E5B20BE252B00037687 /* HideBackgroundOverlay.swift */; };
		E9A19E6320BE252C00037687 /* FloorplanOverlayRenderer.swift in Sources */ = {isa = PBXBuildFile; fileRef = E9A19E5C20BE252C00037687 /* FloorplanOverlayRenderer.swift */; };
		E9A19E6720BE2C5900037687 /* Floorplans in Resources */ = {isa = PBXBuildFile; fileRef = E9A19E6620BE2C5900037687 /* Floorplans */; };
		E9B085A820BE730200661553 /* asilogo.png in Resources */ = {isa = PBXBuildFile; fileRef = E9B085A720BE730200661553 /* asilogo.png */; };
		E9B085B220BE7CDB00661553 /* Charts.framework in Frameworks */ = {isa = PBXBuildFile; fileRef = E9B085AF20BE7CAB00661553 /* Charts.framework */; };
		E9B085B320BE7CDB00661553 /* Charts.framework in Embed Frameworks */ = {isa = PBXBuildFile; fileRef = E9B085AF20BE7CAB00661553 /* Charts.framework */; settings = {ATTRIBUTES = (CodeSignOnCopy, RemoveHeadersOnCopy, ); }; };
		E9B085BD20BE7F7C00661553 /* ChartViewController.swift in Sources */ = {isa = PBXBuildFile; fileRef = E9B085BC20BE7F7C00661553 /* ChartViewController.swift */; };
		E9E48F3320AD2B5F00717F28 /* EquipmentTableViewController.swift in Sources */ = {isa = PBXBuildFile; fileRef = E9E48F3220AD2B5F00717F28 /* EquipmentTableViewController.swift */; };
		E9E48F3520AD2C1900717F28 /* EquipmentTableViewCell.swift in Sources */ = {isa = PBXBuildFile; fileRef = E9E48F3420AD2C1900717F28 /* EquipmentTableViewCell.swift */; };
/* End PBXBuildFile section */

/* Begin PBXContainerItemProxy section */
		E9B085AE20BE7CAB00661553 /* PBXContainerItemProxy */ = {
			isa = PBXContainerItemProxy;
			containerPortal = E9B085A920BE7CAB00661553 /* Charts.xcodeproj */;
			proxyType = 2;
			remoteGlobalIDString = 65AD9E95D9ED4DC0BD73A743;
			remoteInfo = Charts;
		};
		E9B085B020BE7CAB00661553 /* PBXContainerItemProxy */ = {
			isa = PBXContainerItemProxy;
			containerPortal = E9B085A920BE7CAB00661553 /* Charts.xcodeproj */;
			proxyType = 2;
			remoteGlobalIDString = 1CBBC58C6CE1EBEE9852CE41;
			remoteInfo = ChartsTests;
		};
		E9B085B420BE7CDB00661553 /* PBXContainerItemProxy */ = {
			isa = PBXContainerItemProxy;
			containerPortal = E9B085A920BE7CAB00661553 /* Charts.xcodeproj */;
			proxyType = 1;
			remoteGlobalIDString = A58A4ED274A941CA248EA921;
			remoteInfo = Charts;
		};
/* End PBXContainerItemProxy section */

/* Begin PBXCopyFilesBuildPhase section */
		E9B085B620BE7CDB00661553 /* Embed Frameworks */ = {
			isa = PBXCopyFilesBuildPhase;
			buildActionMask = 2147483647;
			dstPath = "";
			dstSubfolderSpec = 10;
			files = (
				E9B085B320BE7CDB00661553 /* Charts.framework in Embed Frameworks */,
			);
			name = "Embed Frameworks";
			runOnlyForDeploymentPostprocessing = 0;
		};
/* End PBXCopyFilesBuildPhase section */

/* Begin PBXFileReference section */
		80C2730DEBE5D70862F42F41 /* Pods-Cal Poly Rec Center.release.xcconfig */ = {isa = PBXFileReference; includeInIndex = 1; lastKnownFileType = text.xcconfig; name = "Pods-Cal Poly Rec Center.release.xcconfig"; path = "Pods/Target Support Files/Pods-Cal Poly Rec Center/Pods-Cal Poly Rec Center.release.xcconfig"; sourceTree = "<group>"; };
		8D2E7C37BC13F367F6A2B917 /* Pods-Cal Poly Rec Center.debug.xcconfig */ = {isa = PBXFileReference; includeInIndex = 1; lastKnownFileType = text.xcconfig; name = "Pods-Cal Poly Rec Center.debug.xcconfig"; path = "Pods/Target Support Files/Pods-Cal Poly Rec Center/Pods-Cal Poly Rec Center.debug.xcconfig"; sourceTree = "<group>"; };
		A346C7ED20BE55BC00DE4CD0 /* PolyRentsTableViewCell.swift */ = {isa = PBXFileReference; lastKnownFileType = sourcecode.swift; path = PolyRentsTableViewCell.swift; sourceTree = "<group>"; };
		A346C7EF20BE57C700DE4CD0 /* PolyRentsTableViewController.swift */ = {isa = PBXFileReference; lastKnownFileType = sourcecode.swift; path = PolyRentsTableViewController.swift; sourceTree = "<group>"; };
		A346C7F120BE59B400DE4CD0 /* rental.swift */ = {isa = PBXFileReference; lastKnownFileType = sourcecode.swift; path = rental.swift; sourceTree = "<group>"; };
		A346C7F320BE618500DE4CD0 /* PolyRentsViewController.swift */ = {isa = PBXFileReference; lastKnownFileType = sourcecode.swift; path = PolyRentsViewController.swift; sourceTree = "<group>"; };
		A346C7F520BE640E00DE4CD0 /* View.swift */ = {isa = PBXFileReference; lastKnownFileType = sourcecode.swift; path = View.swift; sourceTree = "<group>"; };
		A394A7D720A4BC90006E1F82 /* Cal Poly Rec Center.app */ = {isa = PBXFileReference; explicitFileType = wrapper.application; includeInIndex = 0; path = "Cal Poly Rec Center.app"; sourceTree = BUILT_PRODUCTS_DIR; };
		A394A7DA20A4BC90006E1F82 /* AppDelegate.swift */ = {isa = PBXFileReference; lastKnownFileType = sourcecode.swift; path = AppDelegate.swift; sourceTree = "<group>"; };
		A394A7DC20A4BC90006E1F82 /* ViewController.swift */ = {isa = PBXFileReference; lastKnownFileType = sourcecode.swift; path = ViewController.swift; sourceTree = "<group>"; };
		A394A7DF20A4BC90006E1F82 /* Base */ = {isa = PBXFileReference; lastKnownFileType = file.storyboard; name = Base; path = Base.lproj/Main.storyboard; sourceTree = "<group>"; };
		A394A7E120A4BC93006E1F82 /* Assets.xcassets */ = {isa = PBXFileReference; lastKnownFileType = folder.assetcatalog; path = Assets.xcassets; sourceTree = "<group>"; };
		A394A7E420A4BC93006E1F82 /* Base */ = {isa = PBXFileReference; lastKnownFileType = file.storyboard; name = Base; path = Base.lproj/LaunchScreen.storyboard; sourceTree = "<group>"; };
		A394A7E620A4BC93006E1F82 /* Info.plist */ = {isa = PBXFileReference; lastKnownFileType = text.plist.xml; path = Info.plist; sourceTree = "<group>"; };
		E9A19E4220BDF99E00037687 /* Fitness Classes.png */ = {isa = PBXFileReference; lastKnownFileType = image.png; path = "Fitness Classes.png"; sourceTree = "<group>"; };
		E9A19E4820BDFCE600037687 /* Copy of Check Current Status-2.png */ = {isa = PBXFileReference; lastKnownFileType = image.png; path = "Copy of Check Current Status-2.png"; sourceTree = "<group>"; };
		E9A19E4A20BE16C500037687 /* Copy of Fitness Classes.png */ = {isa = PBXFileReference; lastKnownFileType = image.png; path = "Copy of Fitness Classes.png"; sourceTree = "<group>"; };
		E9A19E4C20BE185E00037687 /* Equipment rentals.png */ = {isa = PBXFileReference; lastKnownFileType = image.png; path = "Equipment rentals.png"; sourceTree = "<group>"; };
		E9A19E4E20BE19E200037687 /* Copy of Fitness Classes-2.png */ = {isa = PBXFileReference; lastKnownFileType = image.png; path = "Copy of Fitness Classes-2.png"; sourceTree = "<group>"; };
		E9A19E5020BE208900037687 /* Aquatics Info.png */ = {isa = PBXFileReference; lastKnownFileType = image.png; path = "Aquatics Info.png"; sourceTree = "<group>"; };
		E9A19E5220BE210700037687 /* Copy of View Equipment Map.png */ = {isa = PBXFileReference; lastKnownFileType = image.png; path = "Copy of View Equipment Map.png"; sourceTree = "<group>"; };
		E9A19E5420BE217100037687 /* Copy of Check Current Status-3.png */ = {isa = PBXFileReference; lastKnownFileType = image.png; path = "Copy of Check Current Status-3.png"; sourceTree = "<group>"; };
		E9A19E5620BE252B00037687 /* MKMapRectRotated.swift */ = {isa = PBXFileReference; fileEncoding = 4; lastKnownFileType = sourcecode.swift; path = MKMapRectRotated.swift; sourceTree = "<group>"; };
		E9A19E5720BE252B00037687 /* FloorplanOverlay.swift */ = {isa = PBXFileReference; fileEncoding = 4; lastKnownFileType = sourcecode.swift; path = FloorplanOverlay.swift; sourceTree = "<group>"; };
		E9A19E5820BE252B00037687 /* CoordinateConverter.swift */ = {isa = PBXFileReference; fileEncoding = 4; lastKnownFileType = sourcecode.swift; path = CoordinateConverter.swift; sourceTree = "<group>"; };
		E9A19E5920BE252B00037687 /* VisibleMapRegionDelegate.swift */ = {isa = PBXFileReference; fileEncoding = 4; lastKnownFileType = sourcecode.swift; path = VisibleMapRegionDelegate.swift; sourceTree = "<group>"; };
		E9A19E5A20BE252B00037687 /* Utilities.swift */ = {isa = PBXFileReference; fileEncoding = 4; lastKnownFileType = sourcecode.swift; path = Utilities.swift; sourceTree = "<group>"; };
		E9A19E5B20BE252B00037687 /* HideBackgroundOverlay.swift */ = {isa = PBXFileReference; fileEncoding = 4; lastKnownFileType = sourcecode.swift; path = HideBackgroundOverlay.swift; sourceTree = "<group>"; };
		E9A19E5C20BE252C00037687 /* FloorplanOverlayRenderer.swift */ = {isa = PBXFileReference; fileEncoding = 4; lastKnownFileType = sourcecode.swift; path = FloorplanOverlayRenderer.swift; sourceTree = "<group>"; };
		E9A19E6620BE2C5900037687 /* Floorplans */ = {isa = PBXFileReference; lastKnownFileType = folder; path = Floorplans; sourceTree = "<group>"; };
		E9B085A720BE730200661553 /* asilogo.png */ = {isa = PBXFileReference; lastKnownFileType = image.png; name = asilogo.png; path = ../../../../../../Downloads/asilogo.png; sourceTree = "<group>"; };
		E9B085A920BE7CAB00661553 /* Charts.xcodeproj */ = {isa = PBXFileReference; lastKnownFileType = "wrapper.pb-project"; name = Charts.xcodeproj; path = "../../../../../../Downloads/Charts-master/Charts.xcodeproj"; sourceTree = "<group>"; };
		E9B085BC20BE7F7C00661553 /* ChartViewController.swift */ = {isa = PBXFileReference; lastKnownFileType = sourcecode.swift; name = ChartViewController.swift; path = "/Users/kirstenloechl7/Desktop/School/SpringQuarter18/iOS/Cal-Poly-Rec-Center/Cal Poly Rec Center/ChartViewController.swift"; sourceTree = "<absolute>"; };
		E9E48F3220AD2B5F00717F28 /* EquipmentTableViewController.swift */ = {isa = PBXFileReference; lastKnownFileType = sourcecode.swift; path = EquipmentTableViewController.swift; sourceTree = "<group>"; };
		E9E48F3420AD2C1900717F28 /* EquipmentTableViewCell.swift */ = {isa = PBXFileReference; lastKnownFileType = sourcecode.swift; path = EquipmentTableViewCell.swift; sourceTree = "<group>"; };
		ECF3045C0D9C9BA2008DC446 /* Pods_Cal_Poly_Rec_Center.framework */ = {isa = PBXFileReference; explicitFileType = wrapper.framework; includeInIndex = 0; path = Pods_Cal_Poly_Rec_Center.framework; sourceTree = BUILT_PRODUCTS_DIR; };
/* End PBXFileReference section */

/* Begin PBXFrameworksBuildPhase section */
		A394A7D420A4BC90006E1F82 /* Frameworks */ = {
			isa = PBXFrameworksBuildPhase;
			buildActionMask = 2147483647;
			files = (
				E9B085B220BE7CDB00661553 /* Charts.framework in Frameworks */,
				CC892483FDAB530649EF714F /* Pods_Cal_Poly_Rec_Center.framework in Frameworks */,
			);
			runOnlyForDeploymentPostprocessing = 0;
		};
/* End PBXFrameworksBuildPhase section */

/* Begin PBXGroup section */
		5563D06908FA25C0578B7726 /* Pods */ = {
			isa = PBXGroup;
			children = (
				8D2E7C37BC13F367F6A2B917 /* Pods-Cal Poly Rec Center.debug.xcconfig */,
				80C2730DEBE5D70862F42F41 /* Pods-Cal Poly Rec Center.release.xcconfig */,
			);
			name = Pods;
			sourceTree = "<group>";
		};
		96B47D9B9A1E76253A3C559C /* Frameworks */ = {
			isa = PBXGroup;
			children = (
				ECF3045C0D9C9BA2008DC446 /* Pods_Cal_Poly_Rec_Center.framework */,
			);
			name = Frameworks;
			sourceTree = "<group>";
		};
		A394A7CE20A4BC90006E1F82 = {
			isa = PBXGroup;
			children = (
				A394A7D920A4BC90006E1F82 /* Cal Poly Rec Center */,
				A394A7D820A4BC90006E1F82 /* Products */,
				96B47D9B9A1E76253A3C559C /* Frameworks */,
				5563D06908FA25C0578B7726 /* Pods */,
			);
			sourceTree = "<group>";
		};
		A394A7D820A4BC90006E1F82 /* Products */ = {
			isa = PBXGroup;
			children = (
				A394A7D720A4BC90006E1F82 /* Cal Poly Rec Center.app */,
			);
			name = Products;
			sourceTree = "<group>";
		};
		A394A7D920A4BC90006E1F82 /* Cal Poly Rec Center */ = {
			isa = PBXGroup;
			children = (
				E9B085BC20BE7F7C00661553 /* ChartViewController.swift */,
				A394A7DA20A4BC90006E1F82 /* AppDelegate.swift */,
				A394A7DC20A4BC90006E1F82 /* ViewController.swift */,
				A394A7DE20A4BC90006E1F82 /* Main.storyboard */,
				E9A19E5820BE252B00037687 /* CoordinateConverter.swift */,
				E9A19E5720BE252B00037687 /* FloorplanOverlay.swift */,
				E9A19E5C20BE252C00037687 /* FloorplanOverlayRenderer.swift */,
				E9A19E5B20BE252B00037687 /* HideBackgroundOverlay.swift */,
				E9A19E5620BE252B00037687 /* MKMapRectRotated.swift */,
				E9A19E5A20BE252B00037687 /* Utilities.swift */,
				E9A19E5920BE252B00037687 /* VisibleMapRegionDelegate.swift */,
				E9E48F3420AD2C1900717F28 /* EquipmentTableViewCell.swift */,
				E9E48F3220AD2B5F00717F28 /* EquipmentTableViewController.swift */,
				A346C7F120BE59B400DE4CD0 /* rental.swift */,
				A346C7ED20BE55BC00DE4CD0 /* PolyRentsTableViewCell.swift */,
				A346C7EF20BE57C700DE4CD0 /* PolyRentsTableViewController.swift */,
				A346C7F320BE618500DE4CD0 /* PolyRentsViewController.swift */,
				A346C7F520BE640E00DE4CD0 /* View.swift */,
				E9B085A920BE7CAB00661553 /* Charts.xcodeproj */,
				E9A19E6620BE2C5900037687 /* Floorplans */,
				A394A7E120A4BC93006E1F82 /* Assets.xcassets */,
				A394A7E320A4BC93006E1F82 /* LaunchScreen.storyboard */,
				A394A7E620A4BC93006E1F82 /* Info.plist */,
				E9B085A720BE730200661553 /* asilogo.png */,
				E9A19E4820BDFCE600037687 /* Copy of Check Current Status-2.png */,
				E9A19E4E20BE19E200037687 /* Copy of Fitness Classes-2.png */,
				E9A19E4A20BE16C500037687 /* Copy of Fitness Classes.png */,
				E9A19E5020BE208900037687 /* Aquatics Info.png */,
				E9A19E4C20BE185E00037687 /* Equipment rentals.png */,
				E9A19E4220BDF99E00037687 /* Fitness Classes.png */,
				E9A19E5220BE210700037687 /* Copy of View Equipment Map.png */,
				E9A19E5420BE217100037687 /* Copy of Check Current Status-3.png */,
			);
			path = "Cal Poly Rec Center";
			sourceTree = "<group>";
		};
		E9B085AA20BE7CAB00661553 /* Products */ = {
			isa = PBXGroup;
			children = (
				E9B085AF20BE7CAB00661553 /* Charts.framework */,
				E9B085B120BE7CAB00661553 /* ChartsTests.xctest */,
			);
			name = Products;
			sourceTree = "<group>";
		};
/* End PBXGroup section */

/* Begin PBXNativeTarget section */
		A394A7D620A4BC90006E1F82 /* Cal Poly Rec Center */ = {
			isa = PBXNativeTarget;
			buildConfigurationList = A394A7E920A4BC93006E1F82 /* Build configuration list for PBXNativeTarget "Cal Poly Rec Center" */;
			buildPhases = (
				64E787C4FFA9EC4687C177F8 /* [CP] Check Pods Manifest.lock */,
				A394A7D320A4BC90006E1F82 /* Sources */,
				A394A7D420A4BC90006E1F82 /* Frameworks */,
				A394A7D520A4BC90006E1F82 /* Resources */,
				E3B4FAB9B8522E0CD7629691 /* [CP] Embed Pods Frameworks */,
				E9B085B620BE7CDB00661553 /* Embed Frameworks */,
			);
			buildRules = (
			);
			dependencies = (
				E9B085B520BE7CDB00661553 /* PBXTargetDependency */,
			);
			name = "Cal Poly Rec Center";
			productName = "Cal Poly Rec Center";
			productReference = A394A7D720A4BC90006E1F82 /* Cal Poly Rec Center.app */;
			productType = "com.apple.product-type.application";
		};
/* End PBXNativeTarget section */

/* Begin PBXProject section */
		A394A7CF20A4BC90006E1F82 /* Project object */ = {
			isa = PBXProject;
			attributes = {
				LastSwiftUpdateCheck = 0930;
				LastUpgradeCheck = 0930;
				ORGANIZATIONNAME = "Jason / Kirsten Productions";
				TargetAttributes = {
					A394A7D620A4BC90006E1F82 = {
						CreatedOnToolsVersion = 9.3;
						ProvisioningStyle = Automatic;
					};
				};
			};
			buildConfigurationList = A394A7D220A4BC90006E1F82 /* Build configuration list for PBXProject "Cal Poly Rec Center" */;
			compatibilityVersion = "Xcode 8.0";
			developmentRegion = en;
			hasScannedForEncodings = 0;
			knownRegions = (
				en,
				Base,
			);
			mainGroup = A394A7CE20A4BC90006E1F82;
			productRefGroup = A394A7D820A4BC90006E1F82 /* Products */;
			projectDirPath = "";
			projectReferences = (
				{
					ProductGroup = E9B085AA20BE7CAB00661553 /* Products */;
					ProjectRef = E9B085A920BE7CAB00661553 /* Charts.xcodeproj */;
				},
			);
			projectRoot = "";
			targets = (
				A394A7D620A4BC90006E1F82 /* Cal Poly Rec Center */,
			);
		};
/* End PBXProject section */

/* Begin PBXReferenceProxy section */
		E9B085AF20BE7CAB00661553 /* Charts.framework */ = {
			isa = PBXReferenceProxy;
			fileType = wrapper.framework;
			path = Charts.framework;
			remoteRef = E9B085AE20BE7CAB00661553 /* PBXContainerItemProxy */;
			sourceTree = BUILT_PRODUCTS_DIR;
		};
		E9B085B120BE7CAB00661553 /* ChartsTests.xctest */ = {
			isa = PBXReferenceProxy;
			fileType = wrapper.cfbundle;
			path = ChartsTests.xctest;
			remoteRef = E9B085B020BE7CAB00661553 /* PBXContainerItemProxy */;
			sourceTree = BUILT_PRODUCTS_DIR;
		};
/* End PBXReferenceProxy section */

/* Begin PBXResourcesBuildPhase section */
		A394A7D520A4BC90006E1F82 /* Resources */ = {
			isa = PBXResourcesBuildPhase;
			buildActionMask = 2147483647;
			files = (
				E9A19E5520BE217200037687 /* Copy of Check Current Status-3.png in Resources */,
				E9A19E4F20BE19E200037687 /* Copy of Fitness Classes-2.png in Resources */,
				E9A19E4D20BE185F00037687 /* Equipment rentals.png in Resources */,
				E9A19E4320BDF99E00037687 /* Fitness Classes.png in Resources */,
				E9A19E5320BE210800037687 /* Copy of View Equipment Map.png in Resources */,
				E9B085A820BE730200661553 /* asilogo.png in Resources */,
				A394A7E520A4BC93006E1F82 /* LaunchScreen.storyboard in Resources */,
				E9A19E4920BDFCE700037687 /* Copy of Check Current Status-2.png in Resources */,
				A394A7E220A4BC93006E1F82 /* Assets.xcassets in Resources */,
				A394A7E020A4BC90006E1F82 /* Main.storyboard in Resources */,
				E9A19E4B20BE16C600037687 /* Copy of Fitness Classes.png in Resources */,
				E9A19E6720BE2C5900037687 /* Floorplans in Resources */,
				E9A19E5120BE208900037687 /* Aquatics Info.png in Resources */,
			);
			runOnlyForDeploymentPostprocessing = 0;
		};
/* End PBXResourcesBuildPhase section */

/* Begin PBXShellScriptBuildPhase section */
		64E787C4FFA9EC4687C177F8 /* [CP] Check Pods Manifest.lock */ = {
			isa = PBXShellScriptBuildPhase;
			buildActionMask = 2147483647;
			files = (
			);
			inputPaths = (
				"${PODS_PODFILE_DIR_PATH}/Podfile.lock",
				"${PODS_ROOT}/Manifest.lock",
			);
			name = "[CP] Check Pods Manifest.lock";
			outputPaths = (
				"$(DERIVED_FILE_DIR)/Pods-Cal Poly Rec Center-checkManifestLockResult.txt",
			);
			runOnlyForDeploymentPostprocessing = 0;
			shellPath = /bin/sh;
			shellScript = "diff \"${PODS_PODFILE_DIR_PATH}/Podfile.lock\" \"${PODS_ROOT}/Manifest.lock\" > /dev/null\nif [ $? != 0 ] ; then\n    # print error to STDERR\n    echo \"error: The sandbox is not in sync with the Podfile.lock. Run 'pod install' or update your CocoaPods installation.\" >&2\n    exit 1\nfi\n# This output is used by Xcode 'outputs' to avoid re-running this script phase.\necho \"SUCCESS\" > \"${SCRIPT_OUTPUT_FILE_0}\"\n";
			showEnvVarsInLog = 0;
		};
		E3B4FAB9B8522E0CD7629691 /* [CP] Embed Pods Frameworks */ = {
			isa = PBXShellScriptBuildPhase;
			buildActionMask = 2147483647;
			files = (
			);
			inputPaths = (
				"${SRCROOT}/Pods/Target Support Files/Pods-Cal Poly Rec Center/Pods-Cal Poly Rec Center-frameworks.sh",
				"${BUILT_PRODUCTS_DIR}/GoogleToolboxForMac/GoogleToolboxForMac.framework",
				"${BUILT_PRODUCTS_DIR}/leveldb-library/leveldb.framework",
				"${BUILT_PRODUCTS_DIR}/nanopb/nanopb.framework",
			);
			name = "[CP] Embed Pods Frameworks";
			outputPaths = (
				"${TARGET_BUILD_DIR}/${FRAMEWORKS_FOLDER_PATH}/GoogleToolboxForMac.framework",
				"${TARGET_BUILD_DIR}/${FRAMEWORKS_FOLDER_PATH}/leveldb.framework",
				"${TARGET_BUILD_DIR}/${FRAMEWORKS_FOLDER_PATH}/nanopb.framework",
			);
			runOnlyForDeploymentPostprocessing = 0;
			shellPath = /bin/sh;
			shellScript = "\"${SRCROOT}/Pods/Target Support Files/Pods-Cal Poly Rec Center/Pods-Cal Poly Rec Center-frameworks.sh\"\n";
			showEnvVarsInLog = 0;
		};
/* End PBXShellScriptBuildPhase section */

/* Begin PBXSourcesBuildPhase section */
		A394A7D320A4BC90006E1F82 /* Sources */ = {
			isa = PBXSourcesBuildPhase;
			buildActionMask = 2147483647;
			files = (
				A346C7F620BE640E00DE4CD0 /* View.swift in Sources */,
				E9E48F3320AD2B5F00717F28 /* EquipmentTableViewController.swift in Sources */,
				E9A19E5F20BE252C00037687 /* CoordinateConverter.swift in Sources */,
				A394A7DD20A4BC90006E1F82 /* ViewController.swift in Sources */,
				E9A19E5D20BE252C00037687 /* MKMapRectRotated.swift in Sources */,
				E9A19E6020BE252C00037687 /* VisibleMapRegionDelegate.swift in Sources */,
				E9E48F3520AD2C1900717F28 /* EquipmentTableViewCell.swift in Sources */,
				A346C7EE20BE55BC00DE4CD0 /* PolyRentsTableViewCell.swift in Sources */,
				E9B085BD20BE7F7C00661553 /* ChartViewController.swift in Sources */,
				A346C7F020BE57C700DE4CD0 /* PolyRentsTableViewController.swift in Sources */,
				E9A19E6220BE252C00037687 /* HideBackgroundOverlay.swift in Sources */,
				E9A19E6320BE252C00037687 /* FloorplanOverlayRenderer.swift in Sources */,
				E9A19E6120BE252C00037687 /* Utilities.swift in Sources */,
				A346C7F220BE59B400DE4CD0 /* rental.swift in Sources */,
				A346C7F420BE618500DE4CD0 /* PolyRentsViewController.swift in Sources */,
				E9A19E5E20BE252C00037687 /* FloorplanOverlay.swift in Sources */,
				A394A7DB20A4BC90006E1F82 /* AppDelegate.swift in Sources */,
			);
			runOnlyForDeploymentPostprocessing = 0;
		};
/* End PBXSourcesBuildPhase section */

/* Begin PBXTargetDependency section */
		E9B085B520BE7CDB00661553 /* PBXTargetDependency */ = {
			isa = PBXTargetDependency;
			name = Charts;
			targetProxy = E9B085B420BE7CDB00661553 /* PBXContainerItemProxy */;
		};
/* End PBXTargetDependency section */

/* Begin PBXVariantGroup section */
		A394A7DE20A4BC90006E1F82 /* Main.storyboard */ = {
			isa = PBXVariantGroup;
			children = (
				A394A7DF20A4BC90006E1F82 /* Base */,
			);
			name = Main.storyboard;
			sourceTree = "<group>";
		};
		A394A7E320A4BC93006E1F82 /* LaunchScreen.storyboard */ = {
			isa = PBXVariantGroup;
			children = (
				A394A7E420A4BC93006E1F82 /* Base */,
			);
			name = LaunchScreen.storyboard;
			sourceTree = "<group>";
		};
/* End PBXVariantGroup section */

/* Begin XCBuildConfiguration section */
		A394A7E720A4BC93006E1F82 /* Debug */ = {
			isa = XCBuildConfiguration;
			buildSettings = {
				ALWAYS_SEARCH_USER_PATHS = NO;
				CLANG_ANALYZER_NONNULL = YES;
				CLANG_ANALYZER_NUMBER_OBJECT_CONVERSION = YES_AGGRESSIVE;
				CLANG_CXX_LANGUAGE_STANDARD = "gnu++14";
				CLANG_CXX_LIBRARY = "libc++";
				CLANG_ENABLE_MODULES = YES;
				CLANG_ENABLE_OBJC_ARC = YES;
				CLANG_ENABLE_OBJC_WEAK = YES;
				CLANG_WARN_BLOCK_CAPTURE_AUTORELEASING = YES;
				CLANG_WARN_BOOL_CONVERSION = YES;
				CLANG_WARN_COMMA = YES;
				CLANG_WARN_CONSTANT_CONVERSION = YES;
				CLANG_WARN_DEPRECATED_OBJC_IMPLEMENTATIONS = YES;
				CLANG_WARN_DIRECT_OBJC_ISA_USAGE = YES_ERROR;
				CLANG_WARN_DOCUMENTATION_COMMENTS = YES;
				CLANG_WARN_EMPTY_BODY = YES;
				CLANG_WARN_ENUM_CONVERSION = YES;
				CLANG_WARN_INFINITE_RECURSION = YES;
				CLANG_WARN_INT_CONVERSION = YES;
				CLANG_WARN_NON_LITERAL_NULL_CONVERSION = YES;
				CLANG_WARN_OBJC_IMPLICIT_RETAIN_SELF = YES;
				CLANG_WARN_OBJC_LITERAL_CONVERSION = YES;
				CLANG_WARN_OBJC_ROOT_CLASS = YES_ERROR;
				CLANG_WARN_RANGE_LOOP_ANALYSIS = YES;
				CLANG_WARN_STRICT_PROTOTYPES = YES;
				CLANG_WARN_SUSPICIOUS_MOVE = YES;
				CLANG_WARN_UNGUARDED_AVAILABILITY = YES_AGGRESSIVE;
				CLANG_WARN_UNREACHABLE_CODE = YES;
				CLANG_WARN__DUPLICATE_METHOD_MATCH = YES;
				CODE_SIGN_IDENTITY = "iPhone Developer";
				COPY_PHASE_STRIP = NO;
				DEBUG_INFORMATION_FORMAT = dwarf;
				ENABLE_STRICT_OBJC_MSGSEND = YES;
				ENABLE_TESTABILITY = YES;
				GCC_C_LANGUAGE_STANDARD = gnu11;
				GCC_DYNAMIC_NO_PIC = NO;
				GCC_NO_COMMON_BLOCKS = YES;
				GCC_OPTIMIZATION_LEVEL = 0;
				GCC_PREPROCESSOR_DEFINITIONS = (
					"DEBUG=1",
					"$(inherited)",
				);
				GCC_WARN_64_TO_32_BIT_CONVERSION = YES;
				GCC_WARN_ABOUT_RETURN_TYPE = YES_ERROR;
				GCC_WARN_UNDECLARED_SELECTOR = YES;
				GCC_WARN_UNINITIALIZED_AUTOS = YES_AGGRESSIVE;
				GCC_WARN_UNUSED_FUNCTION = YES;
				GCC_WARN_UNUSED_VARIABLE = YES;
				IPHONEOS_DEPLOYMENT_TARGET = 11.3;
				MTL_ENABLE_DEBUG_INFO = YES;
				ONLY_ACTIVE_ARCH = YES;
				SDKROOT = iphoneos;
				SWIFT_ACTIVE_COMPILATION_CONDITIONS = DEBUG;
				SWIFT_OPTIMIZATION_LEVEL = "-Onone";
			};
			name = Debug;
		};
		A394A7E820A4BC93006E1F82 /* Release */ = {
			isa = XCBuildConfiguration;
			buildSettings = {
				ALWAYS_SEARCH_USER_PATHS = NO;
				CLANG_ANALYZER_NONNULL = YES;
				CLANG_ANALYZER_NUMBER_OBJECT_CONVERSION = YES_AGGRESSIVE;
				CLANG_CXX_LANGUAGE_STANDARD = "gnu++14";
				CLANG_CXX_LIBRARY = "libc++";
				CLANG_ENABLE_MODULES = YES;
				CLANG_ENABLE_OBJC_ARC = YES;
				CLANG_ENABLE_OBJC_WEAK = YES;
				CLANG_WARN_BLOCK_CAPTURE_AUTORELEASING = YES;
				CLANG_WARN_BOOL_CONVERSION = YES;
				CLANG_WARN_COMMA = YES;
				CLANG_WARN_CONSTANT_CONVERSION = YES;
				CLANG_WARN_DEPRECATED_OBJC_IMPLEMENTATIONS = YES;
				CLANG_WARN_DIRECT_OBJC_ISA_USAGE = YES_ERROR;
				CLANG_WARN_DOCUMENTATION_COMMENTS = YES;
				CLANG_WARN_EMPTY_BODY = YES;
				CLANG_WARN_ENUM_CONVERSION = YES;
				CLANG_WARN_INFINITE_RECURSION = YES;
				CLANG_WARN_INT_CONVERSION = YES;
				CLANG_WARN_NON_LITERAL_NULL_CONVERSION = YES;
				CLANG_WARN_OBJC_IMPLICIT_RETAIN_SELF = YES;
				CLANG_WARN_OBJC_LITERAL_CONVERSION = YES;
				CLANG_WARN_OBJC_ROOT_CLASS = YES_ERROR;
				CLANG_WARN_RANGE_LOOP_ANALYSIS = YES;
				CLANG_WARN_STRICT_PROTOTYPES = YES;
				CLANG_WARN_SUSPICIOUS_MOVE = YES;
				CLANG_WARN_UNGUARDED_AVAILABILITY = YES_AGGRESSIVE;
				CLANG_WARN_UNREACHABLE_CODE = YES;
				CLANG_WARN__DUPLICATE_METHOD_MATCH = YES;
				CODE_SIGN_IDENTITY = "iPhone Developer";
				COPY_PHASE_STRIP = NO;
				DEBUG_INFORMATION_FORMAT = "dwarf-with-dsym";
				ENABLE_NS_ASSERTIONS = NO;
				ENABLE_STRICT_OBJC_MSGSEND = YES;
				GCC_C_LANGUAGE_STANDARD = gnu11;
				GCC_NO_COMMON_BLOCKS = YES;
				GCC_WARN_64_TO_32_BIT_CONVERSION = YES;
				GCC_WARN_ABOUT_RETURN_TYPE = YES_ERROR;
				GCC_WARN_UNDECLARED_SELECTOR = YES;
				GCC_WARN_UNINITIALIZED_AUTOS = YES_AGGRESSIVE;
				GCC_WARN_UNUSED_FUNCTION = YES;
				GCC_WARN_UNUSED_VARIABLE = YES;
				IPHONEOS_DEPLOYMENT_TARGET = 11.3;
				MTL_ENABLE_DEBUG_INFO = NO;
				SDKROOT = iphoneos;
				SWIFT_OPTIMIZATION_LEVEL = "-Owholemodule";
				VALIDATE_PRODUCT = YES;
			};
			name = Release;
		};
		A394A7EA20A4BC93006E1F82 /* Debug */ = {
			isa = XCBuildConfiguration;
			baseConfigurationReference = 8D2E7C37BC13F367F6A2B917 /* Pods-Cal Poly Rec Center.debug.xcconfig */;
			buildSettings = {
				ALWAYS_EMBED_SWIFT_STANDARD_LIBRARIES = YES;
				ASSETCATALOG_COMPILER_APPICON_NAME = AppIcon;
				CODE_SIGN_STYLE = Automatic;
				DEVELOPMENT_TEAM = PD42J8PC5Z;
				INFOPLIST_FILE = "Cal Poly Rec Center/Info.plist";
				LD_RUNPATH_SEARCH_PATHS = "$(inherited) @executable_path/Frameworks";
				PRODUCT_BUNDLE_IDENTIFIER = "csc436.Cal-Poly-Rec-Center";
				PRODUCT_NAME = "$(TARGET_NAME)";
				SWIFT_VERSION = 4.0;
				TARGETED_DEVICE_FAMILY = "1,2";
			};
			name = Debug;
		};
		A394A7EB20A4BC93006E1F82 /* Release */ = {
			isa = XCBuildConfiguration;
			baseConfigurationReference = 80C2730DEBE5D70862F42F41 /* Pods-Cal Poly Rec Center.release.xcconfig */;
			buildSettings = {
				ALWAYS_EMBED_SWIFT_STANDARD_LIBRARIES = YES;
				ASSETCATALOG_COMPILER_APPICON_NAME = AppIcon;
				CODE_SIGN_STYLE = Automatic;
				DEVELOPMENT_TEAM = PD42J8PC5Z;
				INFOPLIST_FILE = "Cal Poly Rec Center/Info.plist";
				LD_RUNPATH_SEARCH_PATHS = "$(inherited) @executable_path/Frameworks";
				PRODUCT_BUNDLE_IDENTIFIER = "csc436.Cal-Poly-Rec-Center";
				PRODUCT_NAME = "$(TARGET_NAME)";
				SWIFT_VERSION = 4.0;
				TARGETED_DEVICE_FAMILY = "1,2";
			};
			name = Release;
		};
/* End XCBuildConfiguration section */

/* Begin XCConfigurationList section */
		A394A7D220A4BC90006E1F82 /* Build configuration list for PBXProject "Cal Poly Rec Center" */ = {
			isa = XCConfigurationList;
			buildConfigurations = (
				A394A7E720A4BC93006E1F82 /* Debug */,
				A394A7E820A4BC93006E1F82 /* Release */,
			);
			defaultConfigurationIsVisible = 0;
			defaultConfigurationName = Release;
		};
		A394A7E920A4BC93006E1F82 /* Build configuration list for PBXNativeTarget "Cal Poly Rec Center" */ = {
			isa = XCConfigurationList;
			buildConfigurations = (
				A394A7EA20A4BC93006E1F82 /* Debug */,
				A394A7EB20A4BC93006E1F82 /* Release */,
			);
			defaultConfigurationIsVisible = 0;
			defaultConfigurationName = Release;
		};
/* End XCConfigurationList section */
	};
	rootObject = A394A7CF20A4BC90006E1F82 /* Project object */;
}
